
Microsoft Visual Studio Solution File, Format Version 12.00
# Visual Studio Version 16
VisualStudioVersion = 16.0.30523.141
MinimumVisualStudioVersion = 10.0.40219.1
Project("{FAE04EC0-301F-11D3-BF4B-00C04F79EFBC}") = "RunApp", "RunApp\RunApp.csproj", "{C35CA59E-642F-4B8F-AFC6-70C3FBF8144B}"
EndProject
Global
	GlobalSection(SolutionConfigurationPlatforms) = preSolution
		Debug|Any CPU = Debug|Any CPU
		Release|Any CPU = Release|Any CPU
	EndGlobalSection
	GlobalSection(ProjectConfigurationPlatforms) = postSolution
		{C35CA59E-642F-4B8F-AFC6-70C3FBF8144B}.Debug|Any CPU.ActiveCfg = Debug|Any CPU
		{C35CA59E-642F-4B8F-AFC6-70C3FBF8144B}.Debug|Any CPU.Build.0 = Debug|Any CPU
		{C35CA59E-642F-4B8F-AFC6-70C3FBF8144B}.Release|Any CPU.ActiveCfg = Release|Any CPU
		{C35CA59E-642F-4B8F-AFC6-70C3FBF8144B}.Release|Any CPU.Build.0 = Release|Any CPU
	EndGlobalSection
	GlobalSection(SolutionProperties) = preSolution
		HideSolutionNode = FALSE
	EndGlobalSection
	GlobalSection(ExtensibilityGlobals) = postSolution
		SolutionGuid = {81491A18-AC17-4194-960A-61063D7DFAAA}
	EndGlobalSection
EndGlobal
